
Microsoft Visual Studio Solution File, Format Version 12.00
# Visual Studio 15
VisualStudioVersion = 15.0.28010.2041
MinimumVisualStudioVersion = 10.0.40219.1
Project("{FAE04EC0-301F-11D3-BF4B-00C04F79EFBC}") = "Grades", "Grades\Grades.csproj", "{7151962D-948F-449B-B43E-9850D9E29053}"
EndProject
Project("{FAE04EC0-301F-11D3-BF4B-00C04F79EFBC}") = "Grades.Tests", "Grades.Tests\Grades.Tests.csproj", "{BE17BEC0-1BCE-4455-A06C-5D5AC8A2064D}"
EndProject
Global
	GlobalSection(SolutionConfigurationPlatforms) = preSolution
		Debug|Any CPU = Debug|Any CPU
		Release|Any CPU = Release|Any CPU
	EndGlobalSection
	GlobalSection(ProjectConfigurationPlatforms) = postSolution
		{7151962D-948F-449B-B43E-9850D9E29053}.Debug|Any CPU.ActiveCfg = Debug|Any CPU
		{7151962D-948F-449B-B43E-9850D9E29053}.Debug|Any CPU.Build.0 = Debug|Any CPU
		{7151962D-948F-449B-B43E-9850D9E29053}.Release|Any CPU.ActiveCfg = Release|Any CPU
		{7151962D-948F-449B-B43E-9850D9E29053}.Release|Any CPU.Build.0 = Release|Any CPU
		{BE17BEC0-1BCE-4455-A06C-5D5AC8A2064D}.Debug|Any CPU.ActiveCfg = Debug|Any CPU
		{BE17BEC0-1BCE-4455-A06C-5D5AC8A2064D}.Debug|Any CPU.Build.0 = Debug|Any CPU
		{BE17BEC0-1BCE-4455-A06C-5D5AC8A2064D}.Release|Any CPU.ActiveCfg = Release|Any CPU
		{BE17BEC0-1BCE-4455-A06C-5D5AC8A2064D}.Release|Any CPU.Build.0 = Release|Any CPU
	EndGlobalSection
	GlobalSection(SolutionProperties) = preSolution
		HideSolutionNode = FALSE
	EndGlobalSection
	GlobalSection(ExtensibilityGlobals) = postSolution
		SolutionGuid = {CF92E151-7BAB-4EC7-89EA-12E6B1C6AE58}
	EndGlobalSection
EndGlobal
